
Microsoft Visual Studio Solution File, Format Version 12.00
# Visual Studio Version 16
VisualStudioVersion = 16.0.31205.134
MinimumVisualStudioVersion = 10.0.40219.1
Project("{FAE04EC0-301F-11D3-BF4B-00C04F79EFBC}") = "AutomationFrameworkDotNet", "AutomationFrameworkDotNet.csproj", "{781E6C2C-9301-4999-B855-275C166813E8}"
EndProject
Global
	GlobalSection(SolutionConfigurationPlatforms) = preSolution
		Debug|Any CPU = Debug|Any CPU
		Release|Any CPU = Release|Any CPU
	EndGlobalSection
	GlobalSection(ProjectConfigurationPlatforms) = postSolution
		{781E6C2C-9301-4999-B855-275C166813E8}.Debug|Any CPU.ActiveCfg = Debug|Any CPU
		{781E6C2C-9301-4999-B855-275C166813E8}.Debug|Any CPU.Build.0 = Debug|Any CPU
		{781E6C2C-9301-4999-B855-275C166813E8}.Release|Any CPU.ActiveCfg = Release|Any CPU
		{781E6C2C-9301-4999-B855-275C166813E8}.Release|Any CPU.Build.0 = Release|Any CPU
	EndGlobalSection
	GlobalSection(SolutionProperties) = preSolution
		HideSolutionNode = FALSE
	EndGlobalSection
	GlobalSection(ExtensibilityGlobals) = postSolution
		SolutionGuid = {B7A62DED-7E99-4EF2-95B4-DB1276631B51}
	EndGlobalSection
EndGlobal
